// !$*UTF8*$!
{
	archiveVersion = 1;
	classes = {
	};
	objectVersion = 46;
	objects = {

/* Begin PBXBuildFile section */
		04F6707D210389DB00AD6804 /* AppDelegate.swift in Sources */ = {isa = PBXBuildFile; fileRef = 04F6707C210389DB00AD6804 /* AppDelegate.swift */; };
		04F6707F210389DB00AD6804 /* SMBaseViewController.swift in Sources */ = {isa = PBXBuildFile; fileRef = 04F6707E210389DB00AD6804 /* SMBaseViewController.swift */; };
		04F67082210389DB00AD6804 /* Main.storyboard in Resources */ = {isa = PBXBuildFile; fileRef = 04F67080210389DB00AD6804 /* Main.storyboard */; };
		04F67085210389DB00AD6804 /* ShopManagment.xcdatamodeld in Sources */ = {isa = PBXBuildFile; fileRef = 04F67083210389DB00AD6804 /* ShopManagment.xcdatamodeld */; };
		04F67087210389DB00AD6804 /* Assets.xcassets in Resources */ = {isa = PBXBuildFile; fileRef = 04F67086210389DB00AD6804 /* Assets.xcassets */; };
		04F6708A210389DB00AD6804 /* LaunchScreen.storyboard in Resources */ = {isa = PBXBuildFile; fileRef = 04F67088210389DB00AD6804 /* LaunchScreen.storyboard */; };
		04F67095210389DD00AD6804 /* ShopManagmentTests.swift in Sources */ = {isa = PBXBuildFile; fileRef = 04F67094210389DD00AD6804 /* ShopManagmentTests.swift */; };
		04F670A0210389DD00AD6804 /* ShopManagmentUITests.swift in Sources */ = {isa = PBXBuildFile; fileRef = 04F6709F210389DD00AD6804 /* ShopManagmentUITests.swift */; };
/* End PBXBuildFile section */

/* Begin PBXContainerItemProxy section */
		04F67091210389DD00AD6804 /* PBXContainerItemProxy */ = {
			isa = PBXContainerItemProxy;
			containerPortal = 04F67071210389DB00AD6804 /* Project object */;
			proxyType = 1;
			remoteGlobalIDString = 04F67078210389DB00AD6804;
			remoteInfo = ShopManagment;
		};
		04F6709C210389DD00AD6804 /* PBXContainerItemProxy */ = {
			isa = PBXContainerItemProxy;
			containerPortal = 04F67071210389DB00AD6804 /* Project object */;
			proxyType = 1;
			remoteGlobalIDString = 04F67078210389DB00AD6804;
			remoteInfo = ShopManagment;
		};
/* End PBXContainerItemProxy section */

/* Begin PBXFileReference section */
		04F67079210389DB00AD6804 /* ShopManagment.app */ = {isa = PBXFileReference; explicitFileType = wrapper.application; includeInIndex = 0; path = ShopManagment.app; sourceTree = BUILT_PRODUCTS_DIR; };
		04F6707C210389DB00AD6804 /* AppDelegate.swift */ = {isa = PBXFileReference; lastKnownFileType = sourcecode.swift; path = AppDelegate.swift; sourceTree = "<group>"; };
		04F6707E210389DB00AD6804 /* SMBaseViewController.swift */ = {isa = PBXFileReference; lastKnownFileType = sourcecode.swift; path = SMBaseViewController.swift; sourceTree = "<group>"; };
		04F67081210389DB00AD6804 /* Base */ = {isa = PBXFileReference; lastKnownFileType = file.storyboard; name = Base; path = Base.lproj/Main.storyboard; sourceTree = "<group>"; };
		04F67084210389DB00AD6804 /* ShopManagment.xcdatamodel */ = {isa = PBXFileReference; lastKnownFileType = wrapper.xcdatamodel; path = ShopManagment.xcdatamodel; sourceTree = "<group>"; };
		04F67086210389DB00AD6804 /* Assets.xcassets */ = {isa = PBXFileReference; lastKnownFileType = folder.assetcatalog; path = Assets.xcassets; sourceTree = "<group>"; };
		04F67089210389DB00AD6804 /* Base */ = {isa = PBXFileReference; lastKnownFileType = file.storyboard; name = Base; path = Base.lproj/LaunchScreen.storyboard; sourceTree = "<group>"; };
		04F6708B210389DB00AD6804 /* Info.plist */ = {isa = PBXFileReference; lastKnownFileType = text.plist.xml; path = Info.plist; sourceTree = "<group>"; };
		04F67090210389DD00AD6804 /* ShopManagmentTests.xctest */ = {isa = PBXFileReference; explicitFileType = wrapper.cfbundle; includeInIndex = 0; path = ShopManagmentTests.xctest; sourceTree = BUILT_PRODUCTS_DIR; };
		04F67094210389DD00AD6804 /* ShopManagmentTests.swift */ = {isa = PBXFileReference; lastKnownFileType = sourcecode.swift; path = ShopManagmentTests.swift; sourceTree = "<group>"; };
		04F67096210389DD00AD6804 /* Info.plist */ = {isa = PBXFileReference; lastKnownFileType = text.plist.xml; path = Info.plist; sourceTree = "<group>"; };
		04F6709B210389DD00AD6804 /* ShopManagmentUITests.xctest */ = {isa = PBXFileReference; explicitFileType = wrapper.cfbundle; includeInIndex = 0; path = ShopManagmentUITests.xctest; sourceTree = BUILT_PRODUCTS_DIR; };
		04F6709F210389DD00AD6804 /* ShopManagmentUITests.swift */ = {isa = PBXFileReference; lastKnownFileType = sourcecode.swift; path = ShopManagmentUITests.swift; sourceTree = "<group>"; };
		04F670A1210389DD00AD6804 /* Info.plist */ = {isa = PBXFileReference; lastKnownFileType = text.plist.xml; path = Info.plist; sourceTree = "<group>"; };
/* End PBXFileReference section */

/* Begin PBXFrameworksBuildPhase section */
		04F67076210389DB00AD6804 /* Frameworks */ = {
			isa = PBXFrameworksBuildPhase;
			buildActionMask = 2147483647;
			files = (
			);
			runOnlyForDeploymentPostprocessing = 0;
		};
		04F6708D210389DD00AD6804 /* Frameworks */ = {
			isa = PBXFrameworksBuildPhase;
			buildActionMask = 2147483647;
			files = (
			);
			runOnlyForDeploymentPostprocessing = 0;
		};
		04F67098210389DD00AD6804 /* Frameworks */ = {
			isa = PBXFrameworksBuildPhase;
			buildActionMask = 2147483647;
			files = (
			);
			runOnlyForDeploymentPostprocessing = 0;
		};
/* End PBXFrameworksBuildPhase section */

/* Begin PBXGroup section */
		04F67070210389DB00AD6804 = {
			isa = PBXGroup;
			children = (
				04F6707B210389DB00AD6804 /* ShopManagment */,
				04F67093210389DD00AD6804 /* ShopManagmentTests */,
				04F6709E210389DD00AD6804 /* ShopManagmentUITests */,
				04F6707A210389DB00AD6804 /* Products */,
			);
			sourceTree = "<group>";
		};
		04F6707A210389DB00AD6804 /* Products */ = {
			isa = PBXGroup;
			children = (
				04F67079210389DB00AD6804 /* ShopManagment.app */,
				04F67090210389DD00AD6804 /* ShopManagmentTests.xctest */,
				04F6709B210389DD00AD6804 /* ShopManagmentUITests.xctest */,
			);
			name = Products;
			sourceTree = "<group>";
		};
		04F6707B210389DB00AD6804 /* ShopManagment */ = {
			isa = PBXGroup;
			children = (
				04F670AD2103A51D00AD6804 /* DataBase */,
				04F6707C210389DB00AD6804 /* AppDelegate.swift */,
				04F6707E210389DB00AD6804 /* SMBaseViewController.swift */,
				04F67080210389DB00AD6804 /* Main.storyboard */,
				04F67086210389DB00AD6804 /* Assets.xcassets */,
				04F67088210389DB00AD6804 /* LaunchScreen.storyboard */,
				04F6708B210389DB00AD6804 /* Info.plist */,
				04F67083210389DB00AD6804 /* ShopManagment.xcdatamodeld */,
			);
			path = ShopManagment;
			sourceTree = "<group>";
		};
		04F67093210389DD00AD6804 /* ShopManagmentTests */ = {
			isa = PBXGroup;
			children = (
				04F67094210389DD00AD6804 /* ShopManagmentTests.swift */,
				04F67096210389DD00AD6804 /* Info.plist */,
			);
			path = ShopManagmentTests;
			sourceTree = "<group>";
		};
		04F6709E210389DD00AD6804 /* ShopManagmentUITests */ = {
			isa = PBXGroup;
			children = (
				04F6709F210389DD00AD6804 /* ShopManagmentUITests.swift */,
				04F670A1210389DD00AD6804 /* Info.plist */,
			);
			path = ShopManagmentUITests;
			sourceTree = "<group>";
		};
		04F670AD2103A51D00AD6804 /* DataBase */ = {
			isa = PBXGroup;
			children = (
			);
			path = DataBase;
			sourceTree = "<group>";
		};
/* End PBXGroup section */

/* Begin PBXNativeTarget section */
		04F67078210389DB00AD6804 /* ShopManagment */ = {
			isa = PBXNativeTarget;
			buildConfigurationList = 04F670A4210389DD00AD6804 /* Build configuration list for PBXNativeTarget "ShopManagment" */;
			buildPhases = (
				04F67075210389DB00AD6804 /* Sources */,
				04F67076210389DB00AD6804 /* Frameworks */,
				04F67077210389DB00AD6804 /* Resources */,
			);
			buildRules = (
			);
			dependencies = (
			);
			name = ShopManagment;
			productName = ShopManagment;
			productReference = 04F67079210389DB00AD6804 /* ShopManagment.app */;
			productType = "com.apple.product-type.application";
		};
		04F6708F210389DD00AD6804 /* ShopManagmentTests */ = {
			isa = PBXNativeTarget;
			buildConfigurationList = 04F670A7210389DD00AD6804 /* Build configuration list for PBXNativeTarget "ShopManagmentTests" */;
			buildPhases = (
				04F6708C210389DD00AD6804 /* Sources */,
				04F6708D210389DD00AD6804 /* Frameworks */,
				04F6708E210389DD00AD6804 /* Resources */,
			);
			buildRules = (
			);
			dependencies = (
				04F67092210389DD00AD6804 /* PBXTargetDependency */,
			);
			name = ShopManagmentTests;
			productName = ShopManagmentTests;
			productReference = 04F67090210389DD00AD6804 /* ShopManagmentTests.xctest */;
			productType = "com.apple.product-type.bundle.unit-test";
		};
		04F6709A210389DD00AD6804 /* ShopManagmentUITests */ = {
			isa = PBXNativeTarget;
			buildConfigurationList = 04F670AA210389DD00AD6804 /* Build configuration list for PBXNativeTarget "ShopManagmentUITests" */;
			buildPhases = (
				04F67097210389DD00AD6804 /* Sources */,
				04F67098210389DD00AD6804 /* Frameworks */,
				04F67099210389DD00AD6804 /* Resources */,
			);
			buildRules = (
			);
			dependencies = (
				04F6709D210389DD00AD6804 /* PBXTargetDependency */,
			);
			name = ShopManagmentUITests;
			productName = ShopManagmentUITests;
			productReference = 04F6709B210389DD00AD6804 /* ShopManagmentUITests.xctest */;
			productType = "com.apple.product-type.bundle.ui-testing";
		};
/* End PBXNativeTarget section */

/* Begin PBXProject section */
		04F67071210389DB00AD6804 /* Project object */ = {
			isa = PBXProject;
			attributes = {
				LastSwiftUpdateCheck = 0820;
				LastUpgradeCheck = 0820;
				ORGANIZATIONNAME = Mac;
				TargetAttributes = {
					04F67078210389DB00AD6804 = {
						CreatedOnToolsVersion = 8.2.1;
						ProvisioningStyle = Automatic;
					};
					04F6708F210389DD00AD6804 = {
						CreatedOnToolsVersion = 8.2.1;
						ProvisioningStyle = Automatic;
						TestTargetID = 04F67078210389DB00AD6804;
					};
					04F6709A210389DD00AD6804 = {
						CreatedOnToolsVersion = 8.2.1;
						ProvisioningStyle = Automatic;
						TestTargetID = 04F67078210389DB00AD6804;
					};
				};
			};
			buildConfigurationList = 04F67074210389DB00AD6804 /* Build configuration list for PBXProject "ShopManagment" */;
			compatibilityVersion = "Xcode 3.2";
			developmentRegion = English;
			hasScannedForEncodings = 0;
			knownRegions = (
				en,
				Base,
			);
			mainGroup = 04F67070210389DB00AD6804;
			productRefGroup = 04F6707A210389DB00AD6804 /* Products */;
			projectDirPath = "";
			projectRoot = "";
			targets = (
				04F67078210389DB00AD6804 /* ShopManagment */,
				04F6708F210389DD00AD6804 /* ShopManagmentTests */,
				04F6709A210389DD00AD6804 /* ShopManagmentUITests */,
			);
		};
/* End PBXProject section */

/* Begin PBXResourcesBuildPhase section */
		04F67077210389DB00AD6804 /* Resources */ = {
			isa = PBXResourcesBuildPhase;
			buildActionMask = 2147483647;
			files = (
				04F6708A210389DB00AD6804 /* LaunchScreen.storyboard in Resources */,
				04F67087210389DB00AD6804 /* Assets.xcassets in Resources */,
				04F67082210389DB00AD6804 /* Main.storyboard in Resources */,
			);
			runOnlyForDeploymentPostprocessing = 0;
		};
		04F6708E210389DD00AD6804 /* Resources */ = {
			isa = PBXResourcesBuildPhase;
			buildActionMask = 2147483647;
			files = (
			);
			runOnlyForDeploymentPostprocessing = 0;
		};
		04F67099210389DD00AD6804 /* Resources */ = {
			isa = PBXResourcesBuildPhase;
			buildActionMask = 2147483647;
			files = (
			);
			runOnlyForDeploymentPostprocessing = 0;
		};
/* End PBXResourcesBuildPhase section */

/* Begin PBXSourcesBuildPhase section */
		04F67075210389DB00AD6804 /* Sources */ = {
			isa = PBXSourcesBuildPhase;
			buildActionMask = 2147483647;
			files = (
				04F6707F210389DB00AD6804 /* SMBaseViewController.swift in Sources */,
				04F67085210389DB00AD6804 /* ShopManagment.xcdatamodeld in Sources */,
				04F6707D210389DB00AD6804 /* AppDelegate.swift in Sources */,
			);
			runOnlyForDeploymentPostprocessing = 0;
		};
		04F6708C210389DD00AD6804 /* Sources */ = {
			isa = PBXSourcesBuildPhase;
			buildActionMask = 2147483647;
			files = (
				04F67095210389DD00AD6804 /* ShopManagmentTests.swift in Sources */,
			);
			runOnlyForDeploymentPostprocessing = 0;
		};
		04F67097210389DD00AD6804 /* Sources */ = {
			isa = PBXSourcesBuildPhase;
			buildActionMask = 2147483647;
			files = (
				04F670A0210389DD00AD6804 /* ShopManagmentUITests.swift in Sources */,
			);
			runOnlyForDeploymentPostprocessing = 0;
		};
/* End PBXSourcesBuildPhase section */

/* Begin PBXTargetDependency section */
		04F67092210389DD00AD6804 /* PBXTargetDependency */ = {
			isa = PBXTargetDependency;
			target = 04F67078210389DB00AD6804 /* ShopManagment */;
			targetProxy = 04F67091210389DD00AD6804 /* PBXContainerItemProxy */;
		};
		04F6709D210389DD00AD6804 /* PBXTargetDependency */ = {
			isa = PBXTargetDependency;
			target = 04F67078210389DB00AD6804 /* ShopManagment */;
			targetProxy = 04F6709C210389DD00AD6804 /* PBXContainerItemProxy */;
		};
/* End PBXTargetDependency section */

/* Begin PBXVariantGroup section */
		04F67080210389DB00AD6804 /* Main.storyboard */ = {
			isa = PBXVariantGroup;
			children = (
				04F67081210389DB00AD6804 /* Base */,
			);
			name = Main.storyboard;
			sourceTree = "<group>";
		};
		04F67088210389DB00AD6804 /* LaunchScreen.storyboard */ = {
			isa = PBXVariantGroup;
			children = (
				04F67089210389DB00AD6804 /* Base */,
			);
			name = LaunchScreen.storyboard;
			sourceTree = "<group>";
		};
/* End PBXVariantGroup section */

/* Begin XCBuildConfiguration section */
		04F670A2210389DD00AD6804 /* Debug */ = {
			isa = XCBuildConfiguration;
			buildSettings = {
				ALWAYS_SEARCH_USER_PATHS = NO;
				CLANG_ANALYZER_NONNULL = YES;
				CLANG_CXX_LANGUAGE_STANDARD = "gnu++0x";
				CLANG_CXX_LIBRARY = "libc++";
				CLANG_ENABLE_MODULES = YES;
				CLANG_ENABLE_OBJC_ARC = YES;
				CLANG_WARN_BOOL_CONVERSION = YES;
				CLANG_WARN_CONSTANT_CONVERSION = YES;
				CLANG_WARN_DIRECT_OBJC_ISA_USAGE = YES_ERROR;
				CLANG_WARN_DOCUMENTATION_COMMENTS = YES;
				CLANG_WARN_EMPTY_BODY = YES;
				CLANG_WARN_ENUM_CONVERSION = YES;
				CLANG_WARN_INFINITE_RECURSION = YES;
				CLANG_WARN_INT_CONVERSION = YES;
				CLANG_WARN_OBJC_ROOT_CLASS = YES_ERROR;
				CLANG_WARN_SUSPICIOUS_MOVE = YES;
				CLANG_WARN_UNREACHABLE_CODE = YES;
				CLANG_WARN__DUPLICATE_METHOD_MATCH = YES;
				"CODE_SIGN_IDENTITY[sdk=iphoneos*]" = "iPhone Developer";
				COPY_PHASE_STRIP = NO;
				DEBUG_INFORMATION_FORMAT = dwarf;
				ENABLE_STRICT_OBJC_MSGSEND = YES;
				ENABLE_TESTABILITY = YES;
				GCC_C_LANGUAGE_STANDARD = gnu99;
				GCC_DYNAMIC_NO_PIC = NO;
				GCC_NO_COMMON_BLOCKS = YES;
				GCC_OPTIMIZATION_LEVEL = 0;
				GCC_PREPROCESSOR_DEFINITIONS = (
					"DEBUG=1",
					"$(inherited)",
				);
				GCC_WARN_64_TO_32_BIT_CONVERSION = YES;
				GCC_WARN_ABOUT_RETURN_TYPE = YES_ERROR;
				GCC_WARN_UNDECLARED_SELECTOR = YES;
				GCC_WARN_UNINITIALIZED_AUTOS = YES_AGGRESSIVE;
				GCC_WARN_UNUSED_FUNCTION = YES;
				GCC_WARN_UNUSED_VARIABLE = YES;
				IPHONEOS_DEPLOYMENT_TARGET = 10.2;
				MTL_ENABLE_DEBUG_INFO = YES;
				ONLY_ACTIVE_ARCH = YES;
				SDKROOT = iphoneos;
				SWIFT_ACTIVE_COMPILATION_CONDITIONS = DEBUG;
				SWIFT_OPTIMIZATION_LEVEL = "-Onone";
				TARGETED_DEVICE_FAMILY = "1,2";
			};
			name = Debug;
		};
		04F670A3210389DD00AD6804 /* Release */ = {
			isa = XCBuildConfiguration;
			buildSettings = {
				ALWAYS_SEARCH_USER_PATHS = NO;
				CLANG_ANALYZER_NONNULL = YES;
				CLANG_CXX_LANGUAGE_STANDARD = "gnu++0x";
				CLANG_CXX_LIBRARY = "libc++";
				CLANG_ENABLE_MODULES = YES;
				CLANG_ENABLE_OBJC_ARC = YES;
				CLANG_WARN_BOOL_CONVERSION = YES;
				CLANG_WARN_CONSTANT_CONVERSION = YES;
				CLANG_WARN_DIRECT_OBJC_ISA_USAGE = YES_ERROR;
				CLANG_WARN_DOCUMENTATION_COMMENTS = YES;
				CLANG_WARN_EMPTY_BODY = YES;
				CLANG_WARN_ENUM_CONVERSION = YES;
				CLANG_WARN_INFINITE_RECURSION = YES;
				CLANG_WARN_INT_CONVERSION = YES;
				CLANG_WARN_OBJC_ROOT_CLASS = YES_ERROR;
				CLANG_WARN_SUSPICIOUS_MOVE = YES;
				CLANG_WARN_UNREACHABLE_CODE = YES;
				CLANG_WARN__DUPLICATE_METHOD_MATCH = YES;
				"CODE_SIGN_IDENTITY[sdk=iphoneos*]" = "iPhone Developer";
				COPY_PHASE_STRIP = NO;
				DEBUG_INFORMATION_FORMAT = "dwarf-with-dsym";
				ENABLE_NS_ASSERTIONS = NO;
				ENABLE_STRICT_OBJC_MSGSEND = YES;
				GCC_C_LANGUAGE_STANDARD = gnu99;
				GCC_NO_COMMON_BLOCKS = YES;
				GCC_WARN_64_TO_32_BIT_CONVERSION = YES;
				GCC_WARN_ABOUT_RETURN_TYPE = YES_ERROR;
				GCC_WARN_UNDECLARED_SELECTOR = YES;
				GCC_WARN_UNINITIALIZED_AUTOS = YES_AGGRESSIVE;
				GCC_WARN_UNUSED_FUNCTION = YES;
				GCC_WARN_UNUSED_VARIABLE = YES;
				IPHONEOS_DEPLOYMENT_TARGET = 10.2;
				MTL_ENABLE_DEBUG_INFO = NO;
				SDKROOT = iphoneos;
				SWIFT_OPTIMIZATION_LEVEL = "-Owholemodule";
				TARGETED_DEVICE_FAMILY = "1,2";
				VALIDATE_PRODUCT = YES;
			};
			name = Release;
		};
		04F670A5210389DD00AD6804 /* Debug */ = {
			isa = XCBuildConfiguration;
			buildSettings = {
				ASSETCATALOG_COMPILER_APPICON_NAME = AppIcon;
				INFOPLIST_FILE = ShopManagment/Info.plist;
				LD_RUNPATH_SEARCH_PATHS = "$(inherited) @executable_path/Frameworks";
				PRODUCT_BUNDLE_IDENTIFIER = com.rk.coredata.ShopManagment;
				PRODUCT_NAME = "$(TARGET_NAME)";
				SWIFT_VERSION = 3.0;
			};
			name = Debug;
		};
		04F670A6210389DD00AD6804 /* Release */ = {
			isa = XCBuildConfiguration;
			buildSettings = {
				ASSETCATALOG_COMPILER_APPICON_NAME = AppIcon;
				INFOPLIST_FILE = ShopManagment/Info.plist;
				LD_RUNPATH_SEARCH_PATHS = "$(inherited) @executable_path/Frameworks";
				PRODUCT_BUNDLE_IDENTIFIER = com.rk.coredata.ShopManagment;
				PRODUCT_NAME = "$(TARGET_NAME)";
				SWIFT_VERSION = 3.0;
			};
			name = Release;
		};
		04F670A8210389DD00AD6804 /* Debug */ = {
			isa = XCBuildConfiguration;
			buildSettings = {
				ALWAYS_EMBED_SWIFT_STANDARD_LIBRARIES = YES;
				BUNDLE_LOADER = "$(TEST_HOST)";
				INFOPLIST_FILE = ShopManagmentTests/Info.plist;
				LD_RUNPATH_SEARCH_PATHS = "$(inherited) @executable_path/Frameworks @loader_path/Frameworks";
				PRODUCT_BUNDLE_IDENTIFIER = com.rk.coredata.ShopManagmentTests;
				PRODUCT_NAME = "$(TARGET_NAME)";
				SWIFT_VERSION = 3.0;
				TEST_HOST = "$(BUILT_PRODUCTS_DIR)/ShopManagment.app/ShopManagment";
			};
			name = Debug;
		};
		04F670A9210389DD00AD6804 /* Release */ = {
			isa = XCBuildConfiguration;
			buildSettings = {
				ALWAYS_EMBED_SWIFT_STANDARD_LIBRARIES = YES;
				BUNDLE_LOADER = "$(TEST_HOST)";
				INFOPLIST_FILE = ShopManagmentTests/Info.plist;
				LD_RUNPATH_SEARCH_PATHS = "$(inherited) @executable_path/Frameworks @loader_path/Frameworks";
				PRODUCT_BUNDLE_IDENTIFIER = com.rk.coredata.ShopManagmentTests;
				PRODUCT_NAME = "$(TARGET_NAME)";
				SWIFT_VERSION = 3.0;
				TEST_HOST = "$(BUILT_PRODUCTS_DIR)/ShopManagment.app/ShopManagment";
			};
			name = Release;
		};
		04F670AB210389DD00AD6804 /* Debug */ = {
			isa = XCBuildConfiguration;
			buildSettings = {
				ALWAYS_EMBED_SWIFT_STANDARD_LIBRARIES = YES;
				INFOPLIST_FILE = ShopManagmentUITests/Info.plist;
				LD_RUNPATH_SEARCH_PATHS = "$(inherited) @executable_path/Frameworks @loader_path/Frameworks";
				PRODUCT_BUNDLE_IDENTIFIER = com.rk.coredata.ShopManagmentUITests;
				PRODUCT_NAME = "$(TARGET_NAME)";
				SWIFT_VERSION = 3.0;
				TEST_TARGET_NAME = ShopManagment;
			};
			name = Debug;
		};
		04F670AC210389DD00AD6804 /* Release */ = {
			isa = XCBuildConfiguration;
			buildSettings = {
				ALWAYS_EMBED_SWIFT_STANDARD_LIBRARIES = YES;
				INFOPLIST_FILE = ShopManagmentUITests/Info.plist;
				LD_RUNPATH_SEARCH_PATHS = "$(inherited) @executable_path/Frameworks @loader_path/Frameworks";
				PRODUCT_BUNDLE_IDENTIFIER = com.rk.coredata.ShopManagmentUITests;
				PRODUCT_NAME = "$(TARGET_NAME)";
				SWIFT_VERSION = 3.0;
				TEST_TARGET_NAME = ShopManagment;
			};
			name = Release;
		};
/* End XCBuildConfiguration section */

/* Begin XCConfigurationList section */
		04F67074210389DB00AD6804 /* Build configuration list for PBXProject "ShopManagment" */ = {
			isa = XCConfigurationList;
			buildConfigurations = (
				04F670A2210389DD00AD6804 /* Debug */,
				04F670A3210389DD00AD6804 /* Release */,
			);
			defaultConfigurationIsVisible = 0;
			defaultConfigurationName = Release;
		};
		04F670A4210389DD00AD6804 /* Build configuration list for PBXNativeTarget "ShopManagment" */ = {
			isa = XCConfigurationList;
			buildConfigurations = (
				04F670A5210389DD00AD6804 /* Debug */,
				04F670A6210389DD00AD6804 /* Release */,
			);
			defaultConfigurationIsVisible = 0;
		};
		04F670A7210389DD00AD6804 /* Build configuration list for PBXNativeTarget "ShopManagmentTests" */ = {
			isa = XCConfigurationList;
			buildConfigurations = (
				04F670A8210389DD00AD6804 /* Debug */,
				04F670A9210389DD00AD6804 /* Release */,
			);
			defaultConfigurationIsVisible = 0;
		};
		04F670AA210389DD00AD6804 /* Build configuration list for PBXNativeTarget "ShopManagmentUITests" */ = {
			isa = XCConfigurationList;
			buildConfigurations = (
				04F670AB210389DD00AD6804 /* Debug */,
				04F670AC210389DD00AD6804 /* Release */,
			);
			defaultConfigurationIsVisible = 0;
		};
/* End XCConfigurationList section */

/* Begin XCVersionGroup section */
		04F67083210389DB00AD6804 /* ShopManagment.xcdatamodeld */ = {
			isa = XCVersionGroup;
			children = (
				04F67084210389DB00AD6804 /* ShopManagment.xcdatamodel */,
			);
			currentVersion = 04F67084210389DB00AD6804 /* ShopManagment.xcdatamodel */;
			path = ShopManagment.xcdatamodeld;
			sourceTree = "<group>";
			versionGroupType = wrapper.xcdatamodel;
		};
/* End XCVersionGroup section */
	};
	rootObject = 04F67071210389DB00AD6804 /* Project object */;
}
